# THIS IS AN AUTOGENERATED FILE. DO NOT EDIT THIS FILE DIRECTLY.
# yarn lockfile v1


rive-canvas@0.7.3:
  version "0.7.3"
  resolved "https://registry.yarnpkg.com/rive-canvas/-/rive-canvas-0.7.3.tgz#d7630d130db9a30c13dd7cb54dedaf0c09183a78"
  integrity sha512-ijp2I2D0U1cM/MZIcma0sjFEPZo2ZhJgz79Wr4AdW5SBQP5Rtp0LTF3eZCESjnhGTJNWTSRlSUQsKP+e/rEczg==

rive-js@^0.7.10:
  version "0.7.10"
  resolved "https://registry.yarnpkg.com/rive-js/-/rive-js-0.7.10.tgz#a36c2962715560d15607d0bd614e7549db721d70"
  integrity sha512-PJAP3mT/4ZQgmGfByg4iUEZh8iH+coLeoXtPNz38+X0/yDbdgzc2Wr1qr9fA59y6Ygxvy6LtrRIwm3b6nFSdcw==
  dependencies:
    rive-canvas "0.7.3"

typescript@^4.2.4:
  version "4.2.4"
  resolved "https://registry.yarnpkg.com/typescript/-/typescript-4.2.4.tgz#8610b59747de028fda898a8aef0e103f156d0961"
  integrity sha512-V+evlYHZnQkaz8TRBuxTA92yZBPotr5H+WhQ7bD3hZUndx5tGOa1fuCgeSjxAzM1RiN5IzvadIXTVefuuwZCRg==
